// !$*UTF8*$!
{
	archiveVersion = 1;
	classes = {
	};
	objectVersion = 52;
	objects = {

/* Begin PBXBuildFile section */
		1DB50D8424FBA1EE0004ADC3 /* NutritionsApp.swift in Sources */ = {isa = PBXBuildFile; fileRef = 1DB50D8324FBA1EE0004ADC3 /* NutritionsApp.swift */; };
		1DB50D8624FBA1EE0004ADC3 /* ContentView.swift in Sources */ = {isa = PBXBuildFile; fileRef = 1DB50D8524FBA1EE0004ADC3 /* ContentView.swift */; };
		1DB50D8824FBA1F20004ADC3 /* Assets.xcassets in Resources */ = {isa = PBXBuildFile; fileRef = 1DB50D8724FBA1F20004ADC3 /* Assets.xcassets */; };
		1DB50D8B24FBA1F20004ADC3 /* Preview Assets.xcassets in Resources */ = {isa = PBXBuildFile; fileRef = 1DB50D8A24FBA1F20004ADC3 /* Preview Assets.xcassets */; };
		1DB50D9324FBA2740004ADC3 /* NutritionsView.swift in Sources */ = {isa = PBXBuildFile; fileRef = 1DB50D9224FBA2740004ADC3 /* NutritionsView.swift */; };
		1DB50D9624FBA2EA0004ADC3 /* CTPicker in Frameworks */ = {isa = PBXBuildFile; productRef = 1DB50D9524FBA2EA0004ADC3 /* CTPicker */; };
		1DB50D9924FBA3820004ADC3 /* Grocery.swift in Sources */ = {isa = PBXBuildFile; fileRef = 1DB50D9824FBA3820004ADC3 /* Grocery.swift */; };
		1DB50D9B24FBAFC60004ADC3 /* GroceriesViewModel.swift in Sources */ = {isa = PBXBuildFile; fileRef = 1DB50D9A24FBAFC60004ADC3 /* GroceriesViewModel.swift */; };
		1DB50D9E24FBB3280004ADC3 /* NutritionData.swift in Sources */ = {isa = PBXBuildFile; fileRef = 1DB50D9D24FBB3280004ADC3 /* NutritionData.swift */; };
		1DB50DA124FBB3930004ADC3 /* Api.swift in Sources */ = {isa = PBXBuildFile; fileRef = 1DB50DA024FBB3930004ADC3 /* Api.swift */; };
		1DB50DA624FBCE730004ADC3 /* SDWebImageSwiftUI in Frameworks */ = {isa = PBXBuildFile; productRef = 1DB50DA524FBCE730004ADC3 /* SDWebImageSwiftUI */; };
/* End PBXBuildFile section */

/* Begin PBXFileReference section */
		1DB50D8024FBA1ED0004ADC3 /* Nutritions.app */ = {isa = PBXFileReference; explicitFileType = wrapper.application; includeInIndex = 0; path = Nutritions.app; sourceTree = BUILT_PRODUCTS_DIR; };
		1DB50D8324FBA1EE0004ADC3 /* NutritionsApp.swift */ = {isa = PBXFileReference; lastKnownFileType = sourcecode.swift; path = NutritionsApp.swift; sourceTree = "<group>"; };
		1DB50D8524FBA1EE0004ADC3 /* ContentView.swift */ = {isa = PBXFileReference; lastKnownFileType = sourcecode.swift; path = ContentView.swift; sourceTree = "<group>"; };
		1DB50D8724FBA1F20004ADC3 /* Assets.xcassets */ = {isa = PBXFileReference; lastKnownFileType = folder.assetcatalog; path = Assets.xcassets; sourceTree = "<group>"; };
		1DB50D8A24FBA1F20004ADC3 /* Preview Assets.xcassets */ = {isa = PBXFileReference; lastKnownFileType = folder.assetcatalog; path = "Preview Assets.xcassets"; sourceTree = "<group>"; };
		1DB50D8C24FBA1F20004ADC3 /* Info.plist */ = {isa = PBXFileReference; lastKnownFileType = text.plist.xml; path = Info.plist; sourceTree = "<group>"; };
		1DB50D9224FBA2740004ADC3 /* NutritionsView.swift */ = {isa = PBXFileReference; lastKnownFileType = sourcecode.swift; path = NutritionsView.swift; sourceTree = "<group>"; };
		1DB50D9824FBA3820004ADC3 /* Grocery.swift */ = {isa = PBXFileReference; lastKnownFileType = sourcecode.swift; path = Grocery.swift; sourceTree = "<group>"; };
		1DB50D9A24FBAFC60004ADC3 /* GroceriesViewModel.swift */ = {isa = PBXFileReference; lastKnownFileType = sourcecode.swift; path = GroceriesViewModel.swift; sourceTree = "<group>"; };
		1DB50D9D24FBB3280004ADC3 /* NutritionData.swift */ = {isa = PBXFileReference; lastKnownFileType = sourcecode.swift; path = NutritionData.swift; sourceTree = "<group>"; };
		1DB50DA024FBB3930004ADC3 /* Api.swift */ = {isa = PBXFileReference; lastKnownFileType = sourcecode.swift; path = Api.swift; sourceTree = "<group>"; };
/* End PBXFileReference section */

/* Begin PBXFrameworksBuildPhase section */
		1DB50D7D24FBA1ED0004ADC3 /* Frameworks */ = {
			isa = PBXFrameworksBuildPhase;
			buildActionMask = 2147483647;
			files = (
				1DB50DA624FBCE730004ADC3 /* SDWebImageSwiftUI in Frameworks */,
				1DB50D9624FBA2EA0004ADC3 /* CTPicker in Frameworks */,
			);
			runOnlyForDeploymentPostprocessing = 0;
		};
/* End PBXFrameworksBuildPhase section */

/* Begin PBXGroup section */
		1DB50D7724FBA1ED0004ADC3 = {
			isa = PBXGroup;
			children = (
				1DB50D8224FBA1ED0004ADC3 /* Nutritions */,
				1DB50D8124FBA1ED0004ADC3 /* Products */,
			);
			sourceTree = "<group>";
		};
		1DB50D8124FBA1ED0004ADC3 /* Products */ = {
			isa = PBXGroup;
			children = (
				1DB50D8024FBA1ED0004ADC3 /* Nutritions.app */,
			);
			name = Products;
			sourceTree = "<group>";
		};
		1DB50D8224FBA1ED0004ADC3 /* Nutritions */ = {
			isa = PBXGroup;
			children = (
				1DB50D9F24FBB3850004ADC3 /* Service */,
				1DB50D9C24FBB30A0004ADC3 /* NutritionData */,
				1DB50D9724FBA36A0004ADC3 /* GroceriesFiles */,
				1DB50D8324FBA1EE0004ADC3 /* NutritionsApp.swift */,
				1DB50D8524FBA1EE0004ADC3 /* ContentView.swift */,
				1DB50D8724FBA1F20004ADC3 /* Assets.xcassets */,
				1DB50D8C24FBA1F20004ADC3 /* Info.plist */,
				1DB50D8924FBA1F20004ADC3 /* Preview Content */,
				1DB50D9224FBA2740004ADC3 /* NutritionsView.swift */,
			);
			path = Nutritions;
			sourceTree = "<group>";
		};
		1DB50D8924FBA1F20004ADC3 /* Preview Content */ = {
			isa = PBXGroup;
			children = (
				1DB50D8A24FBA1F20004ADC3 /* Preview Assets.xcassets */,
			);
			path = "Preview Content";
			sourceTree = "<group>";
		};
		1DB50D9724FBA36A0004ADC3 /* GroceriesFiles */ = {
			isa = PBXGroup;
			children = (
				1DB50D9824FBA3820004ADC3 /* Grocery.swift */,
				1DB50D9A24FBAFC60004ADC3 /* GroceriesViewModel.swift */,
			);
			path = GroceriesFiles;
			sourceTree = "<group>";
		};
		1DB50D9C24FBB30A0004ADC3 /* NutritionData */ = {
			isa = PBXGroup;
			children = (
				1DB50D9D24FBB3280004ADC3 /* NutritionData.swift */,
			);
			path = NutritionData;
			sourceTree = "<group>";
		};
		1DB50D9F24FBB3850004ADC3 /* Service */ = {
			isa = PBXGroup;
			children = (
				1DB50DA024FBB3930004ADC3 /* Api.swift */,
			);
			path = Service;
			sourceTree = "<group>";
		};
/* End PBXGroup section */

/* Begin PBXNativeTarget section */
		1DB50D7F24FBA1ED0004ADC3 /* Nutritions */ = {
			isa = PBXNativeTarget;
			buildConfigurationList = 1DB50D8F24FBA1F20004ADC3 /* Build configuration list for PBXNativeTarget "Nutritions" */;
			buildPhases = (
				1DB50D7C24FBA1ED0004ADC3 /* Sources */,
				1DB50D7D24FBA1ED0004ADC3 /* Frameworks */,
				1DB50D7E24FBA1ED0004ADC3 /* Resources */,
			);
			buildRules = (
			);
			dependencies = (
			);
			name = Nutritions;
			packageProductDependencies = (
				1DB50D9524FBA2EA0004ADC3 /* CTPicker */,
				1DB50DA524FBCE730004ADC3 /* SDWebImageSwiftUI */,
			);
			productName = Nutritions;
			productReference = 1DB50D8024FBA1ED0004ADC3 /* Nutritions.app */;
			productType = "com.apple.product-type.application";
		};
/* End PBXNativeTarget section */

/* Begin PBXProject section */
		1DB50D7824FBA1ED0004ADC3 /* Project object */ = {
			isa = PBXProject;
			attributes = {
				LastSwiftUpdateCheck = 1200;
				LastUpgradeCheck = 1200;
				TargetAttributes = {
					1DB50D7F24FBA1ED0004ADC3 = {
						CreatedOnToolsVersion = 12.0;
					};
				};
			};
			buildConfigurationList = 1DB50D7B24FBA1ED0004ADC3 /* Build configuration list for PBXProject "Nutritions" */;
			compatibilityVersion = "Xcode 9.3";
			developmentRegion = en;
			hasScannedForEncodings = 0;
			knownRegions = (
				en,
				Base,
			);
			mainGroup = 1DB50D7724FBA1ED0004ADC3;
			packageReferences = (
				1DB50D9424FBA2EA0004ADC3 /* XCRemoteSwiftPackageReference "CTPicker_SwiftUI" */,
				1DB50DA424FBCE730004ADC3 /* XCRemoteSwiftPackageReference "SDWebImageSwiftUI" */,
			);
			productRefGroup = 1DB50D8124FBA1ED0004ADC3 /* Products */;
			projectDirPath = "";
			projectRoot = "";
			targets = (
				1DB50D7F24FBA1ED0004ADC3 /* Nutritions */,
			);
		};
/* End PBXProject section */

/* Begin PBXResourcesBuildPhase section */
		1DB50D7E24FBA1ED0004ADC3 /* Resources */ = {
			isa = PBXResourcesBuildPhase;
			buildActionMask = 2147483647;
			files = (
				1DB50D8B24FBA1F20004ADC3 /* Preview Assets.xcassets in Resources */,
				1DB50D8824FBA1F20004ADC3 /* Assets.xcassets in Resources */,
			);
			runOnlyForDeploymentPostprocessing = 0;
		};
/* End PBXResourcesBuildPhase section */

/* Begin PBXSourcesBuildPhase section */
		1DB50D7C24FBA1ED0004ADC3 /* Sources */ = {
			isa = PBXSourcesBuildPhase;
			buildActionMask = 2147483647;
			files = (
				1DB50D8624FBA1EE0004ADC3 /* ContentView.swift in Sources */,
				1DB50D8424FBA1EE0004ADC3 /* NutritionsApp.swift in Sources */,
				1DB50D9E24FBB3280004ADC3 /* NutritionData.swift in Sources */,
				1DB50D9324FBA2740004ADC3 /* NutritionsView.swift in Sources */,
				1DB50D9B24FBAFC60004ADC3 /* GroceriesViewModel.swift in Sources */,
				1DB50DA124FBB3930004ADC3 /* Api.swift in Sources */,
				1DB50D9924FBA3820004ADC3 /* Grocery.swift in Sources */,
			);
			runOnlyForDeploymentPostprocessing = 0;
		};
/* End PBXSourcesBuildPhase section */

/* Begin XCBuildConfiguration section */
		1DB50D8D24FBA1F20004ADC3 /* Debug */ = {
			isa = XCBuildConfiguration;
			buildSettings = {
				ALWAYS_SEARCH_USER_PATHS = NO;
				CLANG_ANALYZER_NONNULL = YES;
				CLANG_ANALYZER_NUMBER_OBJECT_CONVERSION = YES_AGGRESSIVE;
				CLANG_CXX_LANGUAGE_STANDARD = "gnu++14";
				CLANG_CXX_LIBRARY = "libc++";
				CLANG_ENABLE_MODULES = YES;
				CLANG_ENABLE_OBJC_ARC = YES;
				CLANG_ENABLE_OBJC_WEAK = YES;
				CLANG_WARN_BLOCK_CAPTURE_AUTORELEASING = YES;
				CLANG_WARN_BOOL_CONVERSION = YES;
				CLANG_WARN_COMMA = YES;
				CLANG_WARN_CONSTANT_CONVERSION = YES;
				CLANG_WARN_DEPRECATED_OBJC_IMPLEMENTATIONS = YES;
				CLANG_WARN_DIRECT_OBJC_ISA_USAGE = YES_ERROR;
				CLANG_WARN_DOCUMENTATION_COMMENTS = YES;
				CLANG_WARN_EMPTY_BODY = YES;
				CLANG_WARN_ENUM_CONVERSION = YES;
				CLANG_WARN_INFINITE_RECURSION = YES;
				CLANG_WARN_INT_CONVERSION = YES;
				CLANG_WARN_NON_LITERAL_NULL_CONVERSION = YES;
				CLANG_WARN_OBJC_IMPLICIT_RETAIN_SELF = YES;
				CLANG_WARN_OBJC_LITERAL_CONVERSION = YES;
				CLANG_WARN_OBJC_ROOT_CLASS = YES_ERROR;
				CLANG_WARN_QUOTED_INCLUDE_IN_FRAMEWORK_HEADER = YES;
				CLANG_WARN_RANGE_LOOP_ANALYSIS = YES;
				CLANG_WARN_STRICT_PROTOTYPES = YES;
				CLANG_WARN_SUSPICIOUS_MOVE = YES;
				CLANG_WARN_UNGUARDED_AVAILABILITY = YES_AGGRESSIVE;
				CLANG_WARN_UNREACHABLE_CODE = YES;
				CLANG_WARN__DUPLICATE_METHOD_MATCH = YES;
				COPY_PHASE_STRIP = NO;
				DEBUG_INFORMATION_FORMAT = dwarf;
				ENABLE_STRICT_OBJC_MSGSEND = YES;
				ENABLE_TESTABILITY = YES;
				GCC_C_LANGUAGE_STANDARD = gnu11;
				GCC_DYNAMIC_NO_PIC = NO;
				GCC_NO_COMMON_BLOCKS = YES;
				GCC_OPTIMIZATION_LEVEL = 0;
				GCC_PREPROCESSOR_DEFINITIONS = (
					"DEBUG=1",
					"$(inherited)",
				);
				GCC_WARN_64_TO_32_BIT_CONVERSION = YES;
				GCC_WARN_ABOUT_RETURN_TYPE = YES_ERROR;
				GCC_WARN_UNDECLARED_SELECTOR = YES;
				GCC_WARN_UNINITIALIZED_AUTOS = YES_AGGRESSIVE;
				GCC_WARN_UNUSED_FUNCTION = YES;
				GCC_WARN_UNUSED_VARIABLE = YES;
				IPHONEOS_DEPLOYMENT_TARGET = 14.0;
				MTL_ENABLE_DEBUG_INFO = INCLUDE_SOURCE;
				MTL_FAST_MATH = YES;
				ONLY_ACTIVE_ARCH = YES;
				SDKROOT = iphoneos;
				SWIFT_ACTIVE_COMPILATION_CONDITIONS = DEBUG;
				SWIFT_OPTIMIZATION_LEVEL = "-Onone";
			};
			name = Debug;
		};
		1DB50D8E24FBA1F20004ADC3 /* Release */ = {
			isa = XCBuildConfiguration;
			buildSettings = {
				ALWAYS_SEARCH_USER_PATHS = NO;
				CLANG_ANALYZER_NONNULL = YES;
				CLANG_ANALYZER_NUMBER_OBJECT_CONVERSION = YES_AGGRESSIVE;
				CLANG_CXX_LANGUAGE_STANDARD = "gnu++14";
				CLANG_CXX_LIBRARY = "libc++";
				CLANG_ENABLE_MODULES = YES;
				CLANG_ENABLE_OBJC_ARC = YES;
				CLANG_ENABLE_OBJC_WEAK = YES;
				CLANG_WARN_BLOCK_CAPTURE_AUTORELEASING = YES;
				CLANG_WARN_BOOL_CONVERSION = YES;
				CLANG_WARN_COMMA = YES;
				CLANG_WARN_CONSTANT_CONVERSION = YES;
				CLANG_WARN_DEPRECATED_OBJC_IMPLEMENTATIONS = YES;
				CLANG_WARN_DIRECT_OBJC_ISA_USAGE = YES_ERROR;
				CLANG_WARN_DOCUMENTATION_COMMENTS = YES;
				CLANG_WARN_EMPTY_BODY = YES;
				CLANG_WARN_ENUM_CONVERSION = YES;
				CLANG_WARN_INFINITE_RECURSION = YES;
				CLANG_WARN_INT_CONVERSION = YES;
				CLANG_WARN_NON_LITERAL_NULL_CONVERSION = YES;
				CLANG_WARN_OBJC_IMPLICIT_RETAIN_SELF = YES;
				CLANG_WARN_OBJC_LITERAL_CONVERSION = YES;
				CLANG_WARN_OBJC_ROOT_CLASS = YES_ERROR;
				CLANG_WARN_QUOTED_INCLUDE_IN_FRAMEWORK_HEADER = YES;
				CLANG_WARN_RANGE_LOOP_ANALYSIS = YES;
				CLANG_WARN_STRICT_PROTOTYPES = YES;
				CLANG_WARN_SUSPICIOUS_MOVE = YES;
				CLANG_WARN_UNGUARDED_AVAILABILITY = YES_AGGRESSIVE;
				CLANG_WARN_UNREACHABLE_CODE = YES;
				CLANG_WARN__DUPLICATE_METHOD_MATCH = YES;
				COPY_PHASE_STRIP = NO;
				DEBUG_INFORMATION_FORMAT = "dwarf-with-dsym";
				ENABLE_NS_ASSERTIONS = NO;
				ENABLE_STRICT_OBJC_MSGSEND = YES;
				GCC_C_LANGUAGE_STANDARD = gnu11;
				GCC_NO_COMMON_BLOCKS = YES;
				GCC_WARN_64_TO_32_BIT_CONVERSION = YES;
				GCC_WARN_ABOUT_RETURN_TYPE = YES_ERROR;
				GCC_WARN_UNDECLARED_SELECTOR = YES;
				GCC_WARN_UNINITIALIZED_AUTOS = YES_AGGRESSIVE;
				GCC_WARN_UNUSED_FUNCTION = YES;
				GCC_WARN_UNUSED_VARIABLE = YES;
				IPHONEOS_DEPLOYMENT_TARGET = 14.0;
				MTL_ENABLE_DEBUG_INFO = NO;
				MTL_FAST_MATH = YES;
				SDKROOT = iphoneos;
				SWIFT_COMPILATION_MODE = wholemodule;
				SWIFT_OPTIMIZATION_LEVEL = "-O";
				VALIDATE_PRODUCT = YES;
			};
			name = Release;
		};
		1DB50D9024FBA1F20004ADC3 /* Debug */ = {
			isa = XCBuildConfiguration;
			buildSettings = {
				ASSETCATALOG_COMPILER_APPICON_NAME = AppIcon;
				ASSETCATALOG_COMPILER_GLOBAL_ACCENT_COLOR_NAME = AccentColor;
				CODE_SIGN_STYLE = Automatic;
				DEVELOPMENT_ASSET_PATHS = "\"Nutritions/Preview Content\"";
				DEVELOPMENT_TEAM = L8W86DZDY2;
				ENABLE_PREVIEWS = YES;
				INFOPLIST_FILE = Nutritions/Info.plist;
				IPHONEOS_DEPLOYMENT_TARGET = 14.0;
				LD_RUNPATH_SEARCH_PATHS = (
					"$(inherited)",
					"@executable_path/Frameworks",
				);
				PRODUCT_BUNDLE_IDENTIFIER = com.ri.Nutritions;
				PRODUCT_NAME = "$(TARGET_NAME)";
				SWIFT_VERSION = 5.0;
				TARGETED_DEVICE_FAMILY = "1,2";
			};
			name = Debug;
		};
		1DB50D9124FBA1F20004ADC3 /* Release */ = {
			isa = XCBuildConfiguration;
			buildSettings = {
				ASSETCATALOG_COMPILER_APPICON_NAME = AppIcon;
				ASSETCATALOG_COMPILER_GLOBAL_ACCENT_COLOR_NAME = AccentColor;
				CODE_SIGN_STYLE = Automatic;
				DEVELOPMENT_ASSET_PATHS = "\"Nutritions/Preview Content\"";
				DEVELOPMENT_TEAM = L8W86DZDY2;
				ENABLE_PREVIEWS = YES;
				INFOPLIST_FILE = Nutritions/Info.plist;
				IPHONEOS_DEPLOYMENT_TARGET = 14.0;
				LD_RUNPATH_SEARCH_PATHS = (
					"$(inherited)",
					"@executable_path/Frameworks",
				);
				PRODUCT_BUNDLE_IDENTIFIER = com.ri.Nutritions;
				PRODUCT_NAME = "$(TARGET_NAME)";
				SWIFT_VERSION = 5.0;
				TARGETED_DEVICE_FAMILY = "1,2";
			};
			name = Release;
		};
/* End XCBuildConfiguration section */

/* Begin XCConfigurationList section */
		1DB50D7B24FBA1ED0004ADC3 /* Build configuration list for PBXProject "Nutritions" */ = {
			isa = XCConfigurationList;
			buildConfigurations = (
				1DB50D8D24FBA1F20004ADC3 /* Debug */,
				1DB50D8E24FBA1F20004ADC3 /* Release */,
			);
			defaultConfigurationIsVisible = 0;
			defaultConfigurationName = Release;
		};
		1DB50D8F24FBA1F20004ADC3 /* Build configuration list for PBXNativeTarget "Nutritions" */ = {
			isa = XCConfigurationList;
			buildConfigurations = (
				1DB50D9024FBA1F20004ADC3 /* Debug */,
				1DB50D9124FBA1F20004ADC3 /* Release */,
			);
			defaultConfigurationIsVisible = 0;
			defaultConfigurationName = Release;
		};
/* End XCConfigurationList section */

/* Begin XCRemoteSwiftPackageReference section */
		1DB50D9424FBA2EA0004ADC3 /* XCRemoteSwiftPackageReference "CTPicker_SwiftUI" */ = {
			isa = XCRemoteSwiftPackageReference;
			repositoryURL = "https://github.com/StewartLynch/CTPicker_SwiftUI";
			requirement = {
				kind = upToNextMajorVersion;
				minimumVersion = 2.0.5;
			};
		};
		1DB50DA424FBCE730004ADC3 /* XCRemoteSwiftPackageReference "SDWebImageSwiftUI" */ = {
			isa = XCRemoteSwiftPackageReference;
			repositoryURL = "https://github.com/SDWebImage/SDWebImageSwiftUI.git";
			requirement = {
				kind = upToNextMajorVersion;
				minimumVersion = 1.5.0;
			};
		};
/* End XCRemoteSwiftPackageReference section */

/* Begin XCSwiftPackageProductDependency section */
		1DB50D9524FBA2EA0004ADC3 /* CTPicker */ = {
			isa = XCSwiftPackageProductDependency;
			package = 1DB50D9424FBA2EA0004ADC3 /* XCRemoteSwiftPackageReference "CTPicker_SwiftUI" */;
			productName = CTPicker;
		};
		1DB50DA524FBCE730004ADC3 /* SDWebImageSwiftUI */ = {
			isa = XCSwiftPackageProductDependency;
			package = 1DB50DA424FBCE730004ADC3 /* XCRemoteSwiftPackageReference "SDWebImageSwiftUI" */;
			productName = SDWebImageSwiftUI;
		};
/* End XCSwiftPackageProductDependency section */
	};
	rootObject = 1DB50D7824FBA1ED0004ADC3 /* Project object */;
}
